[[package]]
category = "main"
description = "Python command-line parsing library"
name = "argparse"
optional = false
python-versions = "*"
version = "1.4.0"

[[package]]
category = "main"
description = "Backport of Python 3.3's 'lzma' module for XZ/LZMA compressed files."
marker = "python_version < \"3.3\""
name = "backports.lzma"
optional = false
python-versions = "*"
version = "0.0.14"

[[package]]
category = "main"
description = "An easy whitelist-based HTML-sanitizing tool."
name = "bleach"
optional = false
python-versions = "*"
version = "1.5.0"

[package.dependencies]
html5lib = ">=0.999,<0.9999 || >0.9999,<0.99999 || >0.99999,<0.99999999"
six = "*"

[[package]]
category = "main"
description = "Amazon Web Services Library"
name = "boto"
optional = false
python-versions = "*"
version = "2.49.0"

[[package]]
category = "main"
description = "The AWS SDK for Python"
name = "boto3"
optional = false
python-versions = "*"
version = "1.16.5"

[package.dependencies]
botocore = ">=1.19.5,<1.20.0"
jmespath = ">=0.7.1,<1.0.0"
s3transfer = ">=0.3.0,<0.4.0"

[[package]]
category = "main"
description = "Low-level, data-driven core of boto 3."
name = "botocore"
optional = false
python-versions = "*"
version = "1.19.5"

[package.dependencies]
jmespath = ">=0.7.1,<1.0.0"
python-dateutil = ">=2.1,<3.0.0"

[package.dependencies.urllib3]
python = "<3.4.0 || >=3.5.0"
version = ">=1.25.4,<1.26"

[[package]]
category = "main"
description = "Read and write bzip2-compressed files."
name = "bz2file"
optional = false
python-versions = "*"
version = "0.98"

[[package]]
category = "main"
description = "Python package for providing Mozilla's CA Bundle."
name = "certifi"
optional = false
python-versions = "*"
version = "2020.6.20"

[[package]]
category = "main"
description = "Universal encoding detector for Python 2 and 3"
name = "chardet"
optional = false
python-versions = "*"
version = "3.0.4"

[[package]]
category = "main"
description = "Composable command line interface toolkit"
name = "click"
optional = false
python-versions = ">=2.7, !=3.0.*, !=3.1.*, !=3.2.*, !=3.3.*, !=3.4.*"
version = "7.1.2"

[[package]]
category = "main"
description = "Composable style cycles"
name = "cycler"
optional = false
python-versions = "*"
version = "0.10.0"

[package.dependencies]
six = "*"

[[package]]
category = "main"
description = "Python 3.4 Enum backported to 3.3, 3.2, 3.1, 2.7, 2.6, 2.5, and 2.4"
name = "enum34"
optional = false
python-versions = "*"
version = "1.1.10"

[[package]]
category = "main"
description = "A simple framework for building complex web applications."
name = "flask"
optional = false
python-versions = "*"
version = "1.0.2"

[package.dependencies]
Jinja2 = ">=2.10"
Werkzeug = ">=0.14"
click = ">=5.1"
itsdangerous = ">=0.24"

[package.extras]
dev = ["pytest (>=3)", "coverage", "tox", "sphinx", "pallets-sphinx-themes", "sphinxcontrib-log-cabinet"]
docs = ["sphinx", "pallets-sphinx-themes", "sphinxcontrib-log-cabinet"]
dotenv = ["python-dotenv"]

[[package]]
category = "main"
description = "Class based views for Flask"
name = "flask-classy"
optional = false
python-versions = "*"
version = "0.6.10"

[package.dependencies]
Flask = ">=0.9"

[[package]]
category = "main"
description = "Simple integration of Flask and WTForms."
name = "flask-wtf"
optional = false
python-versions = "*"
version = "0.14"

[package.dependencies]
Flask = "*"
WTForms = "*"

[[package]]
category = "main"
description = "Python function signatures from PEP362 for Python 2.6, 2.7 and 3.2+"
marker = "python_version < \"3.3\""
name = "funcsigs"
optional = false
python-versions = "*"
version = "1.0.2"

[[package]]
category = "main"
description = "Backport of the functools module from Python 3.2.3 for use on 2.7 and PyPy."
name = "functools32"
optional = false
python-versions = "*"
version = "3.2.3-2"

[[package]]
category = "main"
description = "Backport of the concurrent.futures package from Python 3"
marker = "python_version < \"3.2\""
name = "futures"
optional = false
python-versions = ">=2.6, <3"
version = "3.3.0"

[[package]]
category = "main"
description = "Python framework for fast Vector Space Modelling"
name = "gensim"
optional = false
python-versions = "*"
version = "3.0.0"

[package.dependencies]
numpy = ">=1.11.3"
scipy = ">=0.18.1"
six = ">=1.5.0"
smart-open = ">=1.2.1"

[package.extras]
distributed = ["Pyro4 (>=4.27)"]
test = ["testfixtures", "Morfessor (2.0.2a4)", "scikit-learn", "pyemd", "annoy", "tensorflow (>=1.1.0)", "keras (>=2.0.4)"]
wmd = ["pyemd (>=0.2.0)"]

[[package]]
category = "main"
description = "HTML parser based on the WHATWG HTML specification"
name = "html5lib"
optional = false
python-versions = "*"
version = "0.9999999"

[[package]]
category = "main"
description = "Internationalized Domain Names in Applications (IDNA)"
name = "idna"
optional = false
python-versions = ">=2.7, !=3.0.*, !=3.1.*, !=3.2.*, !=3.3.*"
version = "2.10"

[[package]]
category = "main"
description = "Various helpers to pass data to untrusted environments and back."
name = "itsdangerous"
optional = false
python-versions = ">=2.7, !=3.0.*, !=3.1.*, !=3.2.*, !=3.3.*"
version = "1.1.0"

[[package]]
category = "main"
description = "A very fast and expressive template engine."
name = "jinja2"
optional = false
python-versions = ">=2.7, !=3.0.*, !=3.1.*, !=3.2.*, !=3.3.*, !=3.4.*"
version = "2.11.2"

[package.dependencies]
MarkupSafe = ">=0.23"

[package.extras]
i18n = ["Babel (>=0.8)"]

[[package]]
category = "main"
description = "JSON Matching Expressions"
name = "jmespath"
optional = false
python-versions = ">=2.6, !=3.0.*, !=3.1.*, !=3.2.*"
version = "0.10.0"

[[package]]
category = "main"
description = "Python implementation of Markdown."
name = "markdown"
optional = false
python-versions = ">=2.7,!=3.0.*,!=3.1.*,!=3.2.*,!=3.3.*,!=3.4.*"
version = "3.1.1"

[package.dependencies]
setuptools = ">=36"

[package.extras]
testing = ["coverage", "pyyaml"]

[[package]]
category = "main"
description = "Safely add untrusted strings to HTML/XML markup."
name = "markupsafe"
optional = false
python-versions = ">=2.7,!=3.0.*,!=3.1.*,!=3.2.*,!=3.3.*"
version = "1.1.1"

[[package]]
category = "main"
description = "Python plotting package"
name = "matplotlib"
optional = false
python-versions = "*"
version = "2.0.0"

[package.dependencies]
cycler = ">=0.10"
numpy = ">=1.7.1"
pyparsing = ">=1.5.6,<2.0.4 || >2.0.4,<2.1.2 || >2.1.2,<2.1.6 || >2.1.6"
python-dateutil = "*"
pytz = "*"
six = ">=1.10"

[[package]]
category = "main"
description = "Rolling backport of unittest.mock for all Pythons"
name = "mock"
optional = false
python-versions = "*"
version = "2.0.0"

[package.dependencies]
pbr = ">=0.11"
six = ">=1.9"

[package.dependencies.funcsigs]
python = "<3.3"
version = ">=1"

[package.extras]
docs = ["sphinx", "Pygments (<2)", "jinja2 (<2.7)", "sphinx (<1.3)"]
test = ["unittest2 (>=1.1.0)"]

[[package]]
category = "main"
description = "Natural Language Toolkit"
name = "nltk"
optional = false
python-versions = "*"
version = "3.0.0"

[[package]]
category = "main"
description = "NumPy is the fundamental package for array computing with Python."
name = "numpy"
optional = false
python-versions = ">=2.7,!=3.0.*,!=3.1.*,!=3.2.*,!=3.3.*"
version = "1.16.6"

[[package]]
category = "main"
description = "Powerful data structures for data analysis, time series, and statistics"
name = "pandas"
optional = false
python-versions = ">=2.7,!=3.0.*,!=3.1.*,!=3.2.*,!=3.3.*,!=3.4.*"
version = "0.23.0"

[package.dependencies]
numpy = ">=1.9.0"
python-dateutil = ">=2.5.0"
pytz = ">=2011k"

[[package]]
category = "main"
description = "Object-oriented filesystem paths"
name = "pathlib"
optional = false
python-versions = "*"
version = "1.0.1"

[[package]]
category = "main"
description = "Python Build Reasonableness"
name = "pbr"
optional = false
python-versions = ">=2.6"
version = "5.5.1"

[[package]]
category = "main"
description = "Protocol Buffers"
name = "protobuf"
optional = false
python-versions = "*"
version = "3.13.0"

[package.dependencies]
setuptools = "*"
six = ">=1.9"

[[package]]
category = "main"
description = "Python parsing module"
name = "pyparsing"
optional = false
python-versions = ">=2.6, !=3.0.*, !=3.1.*, !=3.2.*"
version = "2.4.7"

[[package]]
category = "main"
description = "Extensions to the standard Python datetime module"
name = "python-dateutil"
optional = false
python-versions = "!=3.0.*,!=3.1.*,!=3.2.*,>=2.7"
version = "2.8.1"

[package.dependencies]
six = ">=1.5"

[[package]]
category = "main"
description = "World timezone definitions, modern and historical"
name = "pytz"
optional = false
python-versions = "*"
version = "2020.1"

[[package]]
category = "main"
description = "Python HTTP for Humans."
name = "requests"
optional = false
python-versions = ">=2.7, !=3.0.*, !=3.1.*, !=3.2.*, !=3.3.*, !=3.4.*"
version = "2.24.0"

[package.dependencies]
certifi = ">=2017.4.17"
chardet = ">=3.0.2,<4"
idna = ">=2.5,<3"
urllib3 = ">=1.21.1,<1.25.0 || >1.25.0,<1.25.1 || >1.25.1,<1.26"

[package.extras]
security = ["pyOpenSSL (>=0.14)", "cryptography (>=1.3.4)"]
socks = ["PySocks (>=1.5.6,<1.5.7 || >1.5.7)", "win-inet-pton"]

[[package]]
category = "main"
description = "An Amazon S3 Transfer Manager"
name = "s3transfer"
optional = false
python-versions = "*"
version = "0.3.3"

[package.dependencies]
botocore = ">=1.12.36,<2.0a.0"

[package.dependencies.futures]
python = ">=2.7,<2.8"
version = ">=2.2.0,<4.0.0"

[[package]]
category = "main"
description = "A set of python modules for machine learning and data mining"
name = "scikit-learn"
optional = false
python-versions = "*"
version = "0.18"

[package.extras]
alldeps = ["numpy (>=1.6.1)", "scipy (>=0.9)"]

[[package]]
category = "main"
description = "SciPy: Scientific Library for Python"
name = "scipy"
optional = false
python-versions = "*"
version = "0.18.1"

[package.dependencies]
numpy = ">=1.7.1"

[[package]]
category = "main"
description = "Python 2 and 3 compatibility utilities"
name = "six"
optional = false
python-versions = ">=2.7, !=3.0.*, !=3.1.*, !=3.2.*"
version = "1.15.0"

[[package]]
category = "main"
description = "Utils for streaming large files (S3, HDFS, gzip, bz2...)"
name = "smart-open"
optional = false
python-versions = "*"
version = "1.8.1"

[package.dependencies]
boto = ">=2.32"
boto3 = "*"
bz2file = "*"
requests = "*"

[package.dependencies."backports.lzma"]
python = "<3.3"
version = "*"

[package.extras]
test = ["mock", "moto (1.3.4)", "pathlib2", "responses", "boto3 (<1.8.0)", "google-compute-engine (2.8.12)"]

[[package]]
category = "main"
description = "TensorFlow helps the tensors flow"
name = "tensorflow"
optional = false
python-versions = "*"
version = "1.4.0"

[package.dependencies]
enum34 = ">=1.1.6"
numpy = ">=1.12.1"
protobuf = ">=3.3.0"
six = ">=1.10.0"
tensorflow-tensorboard = ">=0.4.0rc1,<0.5.0"
wheel = ">=0.26"

[[package]]
category = "main"
description = "TensorBoard lets you watch Tensors Flow"
name = "tensorflow-tensorboard"
optional = false
python-versions = "*"
version = "0.4.0"

[package.dependencies]
bleach = "1.5.0"
html5lib = "0.9999999"
markdown = ">=2.6.8"
numpy = ">=1.12.0"
protobuf = ">=3.4.0"
six = ">=1.10.0"
werkzeug = ">=0.11.10"

[package.dependencies.futures]
python = "<3.2"
version = ">=3.1.1"

[package.dependencies.wheel]
python = "<3"
version = "*"

[[package]]
category = "main"
description = "HTTP library with thread-safe connection pooling, file post, and more."
name = "urllib3"
optional = false
python-versions = ">=2.7, !=3.0.*, !=3.1.*, !=3.2.*, !=3.3.*, !=3.4.*, <4"
version = "1.25.11"

[package.extras]
brotli = ["brotlipy (>=0.6.0)"]
secure = ["pyOpenSSL (>=0.14)", "cryptography (>=1.3.4)", "idna (>=2.0.0)", "certifi", "ipaddress"]
socks = ["PySocks (>=1.5.6,<1.5.7 || >1.5.7,<2.0)"]

[[package]]
category = "main"
description = "The comprehensive WSGI web application library."
name = "werkzeug"
optional = false
python-versions = "*"
version = "0.14"

[package.extras]
dev = ["coverage", "pytest", "sphinx", "tox"]
termcolor = ["termcolor"]
watchdog = ["watchdog"]

[[package]]
category = "main"
description = "A built-package format for Python"
name = "wheel"
optional = false
python-versions = "!=3.0.*,!=3.1.*,!=3.2.*,!=3.3.*,!=3.4.*,>=2.7"
version = "0.35.1"

[package.extras]
test = ["pytest (>=3.0.0)", "pytest-cov"]

[[package]]
category = "main"
description = "A flexible forms validation and rendering library for Python web development."
name = "wtforms"
optional = false
python-versions = "*"
version = "2.3.3"

[package.dependencies]
MarkupSafe = "*"

[package.extras]
email = ["email-validator"]
ipaddress = ["ipaddress"]
locale = ["Babel (>=1.3)"]

[metadata]
content-hash = "0b47e78f6e46fb3daa8fa2f0d5b8b52d0d53555401f85bb073fe86ee1620875e"
python-versions = "2.7.10"

[metadata.files]
argparse = [
    {file = "argparse-1.4.0-py2.py3-none-any.whl", hash = "sha256:c31647edb69fd3d465a847ea3157d37bed1f95f19760b11a47aa91c04b666314"},
    {file = "argparse-1.4.0.tar.gz", hash = "sha256:62b089a55be1d8949cd2bc7e0df0bddb9e028faefc8c32038cc84862aefdd6e4"},
]
"backports.lzma" = [
    {file = "backports.lzma-0.0.14.tar.gz", hash = "sha256:16d8b68e4d3cd4e6c9ddb059850452946da3914c8a8e197a7f2b0954559f2df4"},
]
bleach = [
    {file = "bleach-1.5.0-py2.py3-none-any.whl", hash = "sha256:e67f46adcec78dbc3c04462f3aba3213a673d5652eba2609ed1ef15492a44b8d"},
    {file = "bleach-1.5.0.tar.gz", hash = "sha256:978e758599b54cd3caa2e160d74102879b230ea8dc93871d0783721eef58bc65"},
]
boto = [
    {file = "boto-2.49.0-py2.py3-none-any.whl", hash = "sha256:147758d41ae7240dc989f0039f27da8ca0d53734be0eb869ef16e3adcfa462e8"},
    {file = "boto-2.49.0.tar.gz", hash = "sha256:ea0d3b40a2d852767be77ca343b58a9e3a4b00d9db440efb8da74b4e58025e5a"},
]
boto3 = [
    {file = "boto3-1.16.5-py2.py3-none-any.whl", hash = "sha256:9f3cf24eff67ae03c088c4dca45d8c845f52a8f5272f385cd6e2a6f40186c96f"},
    {file = "boto3-1.16.5.tar.gz", hash = "sha256:163bf25d7c28be24392744485cf180bee4ff5e84c4ee891a32501e89dc352982"},
]
botocore = [
    {file = "botocore-1.19.5-py2.py3-none-any.whl", hash = "sha256:50e6b9b0e082a9af620552b5d1b5966f1da09202d6ccd03fd2c9856ae0578db5"},
    {file = "botocore-1.19.5.tar.gz", hash = "sha256:2bacdfb1eb66c885be18b7557202160f9eb48d81e16881e1ce5176881cc9d8aa"},
]
bz2file = [
    {file = "bz2file-0.98.tar.gz", hash = "sha256:64c1f811e31556ba9931953c8ec7b397488726c63e09a4c67004f43bdd28da88"},
]
certifi = [
    {file = "certifi-2020.6.20-py2.py3-none-any.whl", hash = "sha256:8fc0819f1f30ba15bdb34cceffb9ef04d99f420f68eb75d901e9560b8749fc41"},
    {file = "certifi-2020.6.20.tar.gz", hash = "sha256:5930595817496dd21bb8dc35dad090f1c2cd0adfaf21204bf6732ca5d8ee34d3"},
]
chardet = [
    {file = "chardet-3.0.4-py2.py3-none-any.whl", hash = "sha256:fc323ffcaeaed0e0a02bf4d117757b98aed530d9ed4531e3e15460124c106691"},
    {file = "chardet-3.0.4.tar.gz", hash = "sha256:84ab92ed1c4d4f16916e05906b6b75a6c0fb5db821cc65e70cbd64a3e2a5eaae"},
]
click = [
    {file = "click-7.1.2-py2.py3-none-any.whl", hash = "sha256:dacca89f4bfadd5de3d7489b7c8a566eee0d3676333fbb50030263894c38c0dc"},
    {file = "click-7.1.2.tar.gz", hash = "sha256:d2b5255c7c6349bc1bd1e59e08cd12acbbd63ce649f2588755783aa94dfb6b1a"},
]
cycler = [
    {file = "cycler-0.10.0-py2.py3-none-any.whl", hash = "sha256:1d8a5ae1ff6c5cf9b93e8811e581232ad8920aeec647c37316ceac982b08cb2d"},
    {file = "cycler-0.10.0.tar.gz", hash = "sha256:cd7b2d1018258d7247a71425e9f26463dfb444d411c39569972f4ce586b0c9d8"},
]
enum34 = [
    {file = "enum34-1.1.10-py2-none-any.whl", hash = "sha256:a98a201d6de3f2ab3db284e70a33b0f896fbf35f8086594e8c9e74b909058d53"},
    {file = "enum34-1.1.10-py3-none-any.whl", hash = "sha256:c3858660960c984d6ab0ebad691265180da2b43f07e061c0f8dca9ef3cffd328"},
    {file = "enum34-1.1.10.tar.gz", hash = "sha256:cce6a7477ed816bd2542d03d53db9f0db935dd013b70f336a95c73979289f248"},
]
flask = [
    {file = "Flask-1.0.2-py2.py3-none-any.whl", hash = "sha256:a080b744b7e345ccfcbc77954861cb05b3c63786e93f2b3875e0913d44b43f05"},
    {file = "Flask-1.0.2.tar.gz", hash = "sha256:2271c0070dbcb5275fad4a82e29f23ab92682dc45f9dfbc22c02ba9b9322ce48"},
]
flask-classy = [
    {file = "Flask-Classy-0.6.10.tar.gz", hash = "sha256:13c9b4312bff2bf5c6c45ba7d6da46d6bd81724dfc45b598f12438c230583aab"},
]
flask-wtf = [
    {file = "Flask-WTF-0.14.tar.gz", hash = "sha256:a938bfabc450b61e2d76f8b32288b65d0cd43ce33c2de496e1b28152c5d141cf"},
    {file = "Flask_WTF-0.14-py2.py3-none-any.whl", hash = "sha256:031c255f596dfc2f99f1bf12279cb26c7a61b66716bc90ed855a5b8792aba01d"},
]
funcsigs = [
    {file = "funcsigs-1.0.2-py2.py3-none-any.whl", hash = "sha256:330cc27ccbf7f1e992e69fef78261dc7c6569012cf397db8d3de0234e6c937ca"},
    {file = "funcsigs-1.0.2.tar.gz", hash = "sha256:a7bb0f2cf3a3fd1ab2732cb49eba4252c2af4240442415b4abce3b87022a8f50"},
]
functools32 = [
    {file = "functools32-3.2.3-2.tar.gz", hash = "sha256:f6253dfbe0538ad2e387bd8fdfd9293c925d63553f5813c4e587745416501e6d"},
    {file = "functools32-3.2.3-2.zip", hash = "sha256:89d824aa6c358c421a234d7f9ee0bd75933a67c29588ce50aaa3acdf4d403fa0"},
]
futures = [
    {file = "futures-3.3.0-py2-none-any.whl", hash = "sha256:49b3f5b064b6e3afc3316421a3f25f66c137ae88f068abbf72830170033c5e16"},
    {file = "futures-3.3.0.tar.gz", hash = "sha256:7e033af76a5e35f58e56da7a91e687706faf4e7bdfb2cbc3f2cca6b9bcda9794"},
]
gensim = [
    {file = "gensim-3.0.0-cp27-cp27m-macosx_10_6_intel.macosx_10_9_intel.macosx_10_9_x86_64.macosx_10_10_intel.macosx_10_10_x86_64.whl", hash = "sha256:5eb1d1eaee64297069d9f2eaf372669a2326646cb89583aef6b54041d38a0c62"},
    {file = "gensim-3.0.0-cp27-cp27m-win32.whl", hash = "sha256:8474b7c2d7be43bde6be40758db6b44ea6de93d48772dba35ed8456a28a9d1c5"},
    {file = "gensim-3.0.0-cp27-cp27m-win_amd64.whl", hash = "sha256:0b0c0f5490f960e915b269442ad0fc0a5767a2bc8564881e936032700b6ccf9f"},
    {file = "gensim-3.0.0-cp35-cp35m-macosx_10_6_intel.macosx_10_9_intel.macosx_10_9_x86_64.macosx_10_10_intel.macosx_10_10_x86_64.whl", hash = "sha256:54cd12fb57f5fe7bafc2c7efddedb07e4b06f1a497493b400a6baf0a234999fc"},
    {file = "gensim-3.0.0-cp35-cp35m-win32.whl", hash = "sha256:f8653efd4f3250f02fe452487a305e5fa3a058ec9b594498d3741c9913c60f03"},
    {file = "gensim-3.0.0-cp35-cp35m-win_amd64.whl", hash = "sha256:c4d2df9b1e2b3e9ec9d9dbb41c3b544459992eb3e881a6b4ed9fa54e58063146"},
    {file = "gensim-3.0.0-cp36-cp36m-macosx_10_6_intel.macosx_10_9_intel.macosx_10_9_x86_64.macosx_10_10_intel.macosx_10_10_x86_64.whl", hash = "sha256:2dcf381d03ab88512e4668331f4b8555819684b67284d5c35d98b6dd125ca672"},
    {file = "gensim-3.0.0-cp36-cp36m-win32.whl", hash = "sha256:e77506744f6e22c0ab299778c7acafb3fbb09a80399fa61ad8e354f1d7832eb0"},
    {file = "gensim-3.0.0-cp36-cp36m-win_amd64.whl", hash = "sha256:85a49c4fc7cd376494fc7a3b093257582f1d9f9d61e3a35e76be497417463b23"},
    {file = "gensim-3.0.0.tar.gz", hash = "sha256:076c677bcb5335ce286cdb4a16eb98fe2a0dac3c005502c8984f70e1488ac48f"},
    {file = "gensim-3.0.0.win-amd64-py2.7.exe", hash = "sha256:e2e1788412190b574d3e5431f299b1a4dcadff9d485c03962ed5a8fb9be47b01"},
    {file = "gensim-3.0.0.win-amd64-py3.5.exe", hash = "sha256:84824bcce6661d6345f4dab97e922cc1221854f05846808cc84d232c80d7f144"},
    {file = "gensim-3.0.0.win-amd64-py3.6.exe", hash = "sha256:c58f910498683c1dd3c3b8d0d454c1b8dbc5d3f1090756ceee84f33601429418"},
    {file = "gensim-3.0.0.win32-py2.7.exe", hash = "sha256:f06d5a8dcb4470f5ec7710280e9809870564076f2f8a1b2c582d2585cd1c8e22"},
    {file = "gensim-3.0.0.win32-py3.5.exe", hash = "sha256:d8d53f9af8f05c6afc704a76a138d6da9d2663f0bc2d4e5b1141888e057892fb"},
    {file = "gensim-3.0.0.win32-py3.6.exe", hash = "sha256:41387e0883d41cb361a45ca767fab657912dabc1e97f474a71c578bd9c7deeda"},
]
html5lib = [
    {file = "html5lib-0.9999999.tar.gz", hash = "sha256:2612a191a8d5842bfa057e41ba50bbb9dcb722419d2408c78cff4758d0754868"},
]
idna = [
    {file = "idna-2.10-py2.py3-none-any.whl", hash = "sha256:b97d804b1e9b523befed77c48dacec60e6dcb0b5391d57af6a65a312a90648c0"},
    {file = "idna-2.10.tar.gz", hash = "sha256:b307872f855b18632ce0c21c5e45be78c0ea7ae4c15c828c20788b26921eb3f6"},
]
itsdangerous = [
    {file = "itsdangerous-1.1.0-py2.py3-none-any.whl", hash = "sha256:b12271b2047cb23eeb98c8b5622e2e5c5e9abd9784a153e9d8ef9cb4dd09d749"},
    {file = "itsdangerous-1.1.0.tar.gz", hash = "sha256:321b033d07f2a4136d3ec762eac9f16a10ccd60f53c0c91af90217ace7ba1f19"},
]
jinja2 = [
    {file = "Jinja2-2.11.2-py2.py3-none-any.whl", hash = "sha256:f0a4641d3cf955324a89c04f3d94663aa4d638abe8f733ecd3582848e1c37035"},
    {file = "Jinja2-2.11.2.tar.gz", hash = "sha256:89aab215427ef59c34ad58735269eb58b1a5808103067f7bb9d5836c651b3bb0"},
]
jmespath = [
    {file = "jmespath-0.10.0-py2.py3-none-any.whl", hash = "sha256:cdf6525904cc597730141d61b36f2e4b8ecc257c420fa2f4549bac2c2d0cb72f"},
    {file = "jmespath-0.10.0.tar.gz", hash = "sha256:b85d0567b8666149a93172712e68920734333c0ce7e89b78b3e987f71e5ed4f9"},
]
markdown = [
    {file = "Markdown-3.1.1-py2.py3-none-any.whl", hash = "sha256:56a46ac655704b91e5b7e6326ce43d5ef72411376588afa1dd90e881b83c7e8c"},
    {file = "Markdown-3.1.1.tar.gz", hash = "sha256:2e50876bcdd74517e7b71f3e7a76102050edec255b3983403f1a63e7c8a41e7a"},
]
markupsafe = [
    {file = "MarkupSafe-1.1.1-cp27-cp27m-macosx_10_6_intel.whl", hash = "sha256:09027a7803a62ca78792ad89403b1b7a73a01c8cb65909cd876f7fcebd79b161"},
    {file = "MarkupSafe-1.1.1-cp27-cp27m-manylinux1_i686.whl", hash = "sha256:e249096428b3ae81b08327a63a485ad0878de3fb939049038579ac0ef61e17e7"},
    {file = "MarkupSafe-1.1.1-cp27-cp27m-manylinux1_x86_64.whl", hash = "sha256:500d4957e52ddc3351cabf489e79c91c17f6e0899158447047588650b5e69183"},
    {file = "MarkupSafe-1.1.1-cp27-cp27m-win32.whl", hash = "sha256:b2051432115498d3562c084a49bba65d97cf251f5a331c64a12ee7e04dacc51b"},
    {file = "MarkupSafe-1.1.1-cp27-cp27m-win_amd64.whl", hash = "sha256:98c7086708b163d425c67c7a91bad6e466bb99d797aa64f965e9d25c12111a5e"},
    {file = "MarkupSafe-1.1.1-cp27-cp27mu-manylinux1_i686.whl", hash = "sha256:cd5df75523866410809ca100dc9681e301e3c27567cf498077e8551b6d20e42f"},
    {file = "MarkupSafe-1.1.1-cp27-cp27mu-manylinux1_x86_64.whl", hash = "sha256:43a55c2930bbc139570ac2452adf3d70cdbb3cfe5912c71cdce1c2c6bbd9c5d1"},
    {file = "MarkupSafe-1.1.1-cp34-cp34m-macosx_10_6_intel.whl", hash = "sha256:1027c282dad077d0bae18be6794e6b6b8c91d58ed8a8d89a89d59693b9131db5"},
    {file = "MarkupSafe-1.1.1-cp34-cp34m-manylinux1_i686.whl", hash = "sha256:62fe6c95e3ec8a7fad637b7f3d372c15ec1caa01ab47926cfdf7a75b40e0eac1"},
    {file = "MarkupSafe-1.1.1-cp34-cp34m-manylinux1_x86_64.whl", hash = "sha256:88e5fcfb52ee7b911e8bb6d6aa2fd21fbecc674eadd44118a9cc3863f938e735"},
    {file = "MarkupSafe-1.1.1-cp34-cp34m-win32.whl", hash = "sha256:ade5e387d2ad0d7ebf59146cc00c8044acbd863725f887353a10df825fc8ae21"},
    {file = "MarkupSafe-1.1.1-cp34-cp34m-win_amd64.whl", hash = "sha256:09c4b7f37d6c648cb13f9230d847adf22f8171b1ccc4d5682398e77f40309235"},
    {file = "MarkupSafe-1.1.1-cp35-cp35m-macosx_10_6_intel.whl", hash = "sha256:79855e1c5b8da654cf486b830bd42c06e8780cea587384cf6545b7d9ac013a0b"},
    {file = "MarkupSafe-1.1.1-cp35-cp35m-manylinux1_i686.whl", hash = "sha256:c8716a48d94b06bb3b2524c2b77e055fb313aeb4ea620c8dd03a105574ba704f"},
    {file = "MarkupSafe-1.1.1-cp35-cp35m-manylinux1_x86_64.whl", hash = "sha256:7c1699dfe0cf8ff607dbdcc1e9b9af1755371f92a68f706051cc8c37d447c905"},
    {file = "MarkupSafe-1.1.1-cp35-cp35m-win32.whl", hash = "sha256:6dd73240d2af64df90aa7c4e7481e23825ea70af4b4922f8ede5b9e35f78a3b1"},
    {file = "MarkupSafe-1.1.1-cp35-cp35m-win_amd64.whl", hash = "sha256:9add70b36c5666a2ed02b43b335fe19002ee5235efd4b8a89bfcf9005bebac0d"},
    {file = "MarkupSafe-1.1.1-cp36-cp36m-macosx_10_6_intel.whl", hash = "sha256:24982cc2533820871eba85ba648cd53d8623687ff11cbb805be4ff7b4c971aff"},
    {file = "MarkupSafe-1.1.1-cp36-cp36m-manylinux1_i686.whl", hash = "sha256:00bc623926325b26bb9605ae9eae8a215691f33cae5df11ca5424f06f2d1f473"},
    {file = "MarkupSafe-1.1.1-cp36-cp36m-manylinux1_x86_64.whl", hash = "sha256:717ba8fe3ae9cc0006d7c451f0bb265ee07739daf76355d06366154ee68d221e"},
    {file = "MarkupSafe-1.1.1-cp36-cp36m-win32.whl", hash = "sha256:535f6fc4d397c1563d08b88e485c3496cf5784e927af890fb3c3aac7f933ec66"},
    {file = "MarkupSafe-1.1.1-cp36-cp36m-win_amd64.whl", hash = "sha256:b1282f8c00509d99fef04d8ba936b156d419be841854fe901d8ae224c59f0be5"},
    {file = "MarkupSafe-1.1.1-cp37-cp37m-macosx_10_6_intel.whl", hash = "sha256:8defac2f2ccd6805ebf65f5eeb132adcf2ab57aa11fdf4c0dd5169a004710e7d"},
    {file = "MarkupSafe-1.1.1-cp37-cp37m-manylinux1_i686.whl", hash = "sha256:46c99d2de99945ec5cb54f23c8cd5689f6d7177305ebff350a58ce5f8de1669e"},
    {file = "MarkupSafe-1.1.1-cp37-cp37m-manylinux1_x86_64.whl", hash = "sha256:ba59edeaa2fc6114428f1637ffff42da1e311e29382d81b339c1817d37ec93c6"},
    {file = "MarkupSafe-1.1.1-cp37-cp37m-win32.whl", hash = "sha256:b00c1de48212e4cc9603895652c5c410df699856a2853135b3967591e4beebc2"},
    {file = "MarkupSafe-1.1.1-cp37-cp37m-win_amd64.whl", hash = "sha256:9bf40443012702a1d2070043cb6291650a0841ece432556f784f004937f0f32c"},
    {file = "MarkupSafe-1.1.1-cp38-cp38-macosx_10_9_x86_64.whl", hash = "sha256:6788b695d50a51edb699cb55e35487e430fa21f1ed838122d722e0ff0ac5ba15"},
    {file = "MarkupSafe-1.1.1-cp38-cp38-manylinux1_i686.whl", hash = "sha256:cdb132fc825c38e1aeec2c8aa9338310d29d337bebbd7baa06889d09a60a1fa2"},
    {file = "MarkupSafe-1.1.1-cp38-cp38-manylinux1_x86_64.whl", hash = "sha256:13d3144e1e340870b25e7b10b98d779608c02016d5184cfb9927a9f10c689f42"},
    {file = "MarkupSafe-1.1.1-cp38-cp38-win32.whl", hash = "sha256:596510de112c685489095da617b5bcbbac7dd6384aeebeda4df6025d0256a81b"},
    {file = "MarkupSafe-1.1.1-cp38-cp38-win_amd64.whl", hash = "sha256:e8313f01ba26fbbe36c7be1966a7b7424942f670f38e666995b88d012765b9be"},
    {file = "MarkupSafe-1.1.1.tar.gz", hash = "sha256:29872e92839765e546828bb7754a68c418d927cd064fd4708fab9fe9c8bb116b"},
]
matplotlib = [
    {file = "matplotlib-2.0.0-1-cp27-cp27m-manylinux1_x86_64.whl", hash = "sha256:9f3c06e162c1164a2bd0c3ab3de9e0b0edf1e95dd179acca13ddb397072f40bf"},
    {file = "matplotlib-2.0.0-1-cp27-cp27mu-manylinux1_x86_64.whl", hash = "sha256:aef5e500778d67ad3c7ebba8de6a250efffc473b0f65b5e52d1f0f7293a64e24"},
    {file = "matplotlib-2.0.0-1-cp34-cp34m-manylinux1_x86_64.whl", hash = "sha256:519bb90fe31b6de9fa3748a9f3aa3167f66c2cd6afb62c50f7b08d8e77a6cda6"},
    {file = "matplotlib-2.0.0-1-cp35-cp35m-manylinux1_x86_64.whl", hash = "sha256:c28dc247902c2fcbdf21aa1a3ed4d16b9656df2ea64122cb71681a2e298426d2"},
    {file = "matplotlib-2.0.0-1-cp36-cp36m-manylinux1_x86_64.whl", hash = "sha256:232d16c168e45a47d13cccdd8f15c57294ba8bfb08f2987c5ca4cb48b14a2ae1"},
    {file = "matplotlib-2.0.0-cp27-cp27m-macosx_10_6_intel.macosx_10_9_intel.macosx_10_9_x86_64.macosx_10_10_intel.macosx_10_10_x86_64.whl", hash = "sha256:b2f457bdf65f2779c9e863649fb4f7e081e0b0ccb26c6d4f04243eb1d25a8976"},
    {file = "matplotlib-2.0.0-cp27-cp27m-manylinux1_x86_64.whl", hash = "sha256:e63b1b2675557cffe1251dd3ca622ed9d76f0e1d57e44ad8661347f37dd466a6"},
    {file = "matplotlib-2.0.0-cp27-cp27m-win32.whl", hash = "sha256:1f4008bc8eb3b3d1bb8e0baa0d80f715faf4e56868b54207bad715f19cb58bec"},
    {file = "matplotlib-2.0.0-cp27-cp27m-win_amd64.whl", hash = "sha256:a44d76adf2ec926065938a826fd4285f68372a7f68ece984888902691569323f"},
    {file = "matplotlib-2.0.0-cp27-cp27mu-manylinux1_x86_64.whl", hash = "sha256:9407e9ff58e1389801ce2c44e3fe6f17c4ef5d711f1a8578252be3fa02ba1f42"},
    {file = "matplotlib-2.0.0-cp34-cp34m-macosx_10_6_intel.macosx_10_9_intel.macosx_10_9_x86_64.macosx_10_10_intel.macosx_10_10_x86_64.whl", hash = "sha256:fd56caf5883fcac895a7009f61249204533e67354c017dcccb9821205f2210ff"},
    {file = "matplotlib-2.0.0-cp34-cp34m-manylinux1_x86_64.whl", hash = "sha256:8cef2f7e11c7a1fb35999d35531276b0a5ecbc3314fa12fed162e0248b8216c1"},
    {file = "matplotlib-2.0.0-cp34-cp34m-win32.whl", hash = "sha256:8481a8b7f193a297dbdc506b20ca2a107a1268917de3005e9cbf44086b2ef0ea"},
    {file = "matplotlib-2.0.0-cp34-cp34m-win_amd64.whl", hash = "sha256:68812731a15714acc54a8a6deceed9f40b4701bbdb0f3868efd5aaa9d42616aa"},
    {file = "matplotlib-2.0.0-cp35-cp35m-macosx_10_6_intel.macosx_10_9_intel.macosx_10_9_x86_64.macosx_10_10_intel.macosx_10_10_x86_64.whl", hash = "sha256:904a175465c38901446054012f072d5bac0e11d29ed8680db1fefadca49280cf"},
    {file = "matplotlib-2.0.0-cp35-cp35m-manylinux1_x86_64.whl", hash = "sha256:955d85d3776cb88dac3c7548408f38f5634e8e8dc84c2c8832f1cfa9a81d38d6"},
    {file = "matplotlib-2.0.0-cp35-cp35m-win32.whl", hash = "sha256:fcc9c9e94fa9bdefd630853d9937fa47131685eeae2e22242c9b68973f9f13ce"},
    {file = "matplotlib-2.0.0-cp35-cp35m-win_amd64.whl", hash = "sha256:d9cc87d24d4823dfd58aa367aa998aa16638c9ae896c766a54d347f40f4851e1"},
    {file = "matplotlib-2.0.0-cp36-cp36m-macosx_10_6_intel.macosx_10_9_intel.macosx_10_9_x86_64.macosx_10_10_intel.macosx_10_10_x86_64.whl", hash = "sha256:e83ca613859ddbf12272c4ad861f4f588686f7a1faa567f2f21ca61c72199f66"},
    {file = "matplotlib-2.0.0-cp36-cp36m-manylinux1_x86_64.whl", hash = "sha256:2336234af83a34f933e44774b22dc338008b65c3c1b8c0ec5ebf030fa2dd810d"},
    {file = "matplotlib-2.0.0-cp36-cp36m-win32.whl", hash = "sha256:bcb21c7b25b6cdaf817d1543fd55e30feafeda0aeb1b07f7b937e6078f06dcdf"},
    {file = "matplotlib-2.0.0-cp36-cp36m-win_amd64.whl", hash = "sha256:3c590e857cabbaa4482a442bd43ac6cdd5ca5cfc0842206f066d9a3fd008a9d5"},
    {file = "matplotlib-2.0.0.tar.gz", hash = "sha256:36cf0985829c1ab2b8b1dae5e2272e53ae681bf33ab8bedceed4f0565af5f813"},
]
mock = [
    {file = "mock-2.0.0-py2.py3-none-any.whl", hash = "sha256:5ce3c71c5545b472da17b72268978914d0252980348636840bd34a00b5cc96c1"},
    {file = "mock-2.0.0.tar.gz", hash = "sha256:b158b6df76edd239b8208d481dc46b6afd45a846b7812ff0ce58971cf5bc8bba"},
]
nltk = [
    {file = "nltk-3.0.0.tar.gz", hash = "sha256:5cae0ad66252b5a482afd1c0988d5b6bc9c012d3dbe1bb4d7746999b954b54ca"},
    {file = "nltk-3.0.0.win32.exe", hash = "sha256:4f3dd13ad1a4371b1e3ea9f8e590cc64e1c81d7ded99a202de0f1417c71f476a"},
    {file = "nltk-3.0.0.zip", hash = "sha256:19f182c2e28f661c4556ed56ba8149eb8dd7ce3a8e4ef888be4fe90083b3b041"},
]
numpy = [
    {file = "numpy-1.16.6-cp27-cp27m-macosx_10_9_x86_64.whl", hash = "sha256:08bf4f66f190822f4642e036accde8da810b87fffc0b9409e7a00d9e54760099"},
    {file = "numpy-1.16.6-cp27-cp27m-manylinux1_i686.whl", hash = "sha256:d759ca1b76ac6f6b6159fb74984126035feb1dee9f68b4b961889b6dc090f33a"},
    {file = "numpy-1.16.6-cp27-cp27m-manylinux1_x86_64.whl", hash = "sha256:d3c5377c6122de876e695937ef41ffee5d2831154c5e4856481b93406cdfeecb"},
    {file = "numpy-1.16.6-cp27-cp27m-win32.whl", hash = "sha256:345b1748e6b0d4773a518868c783b16fdc33a22683bdb863484cd29fe8d206e6"},
    {file = "numpy-1.16.6-cp27-cp27m-win_amd64.whl", hash = "sha256:7a5a1f49a643aa1ab3e0579da0a48b8a48ea4369eb63c5065459d0a37f430237"},
    {file = "numpy-1.16.6-cp27-cp27mu-manylinux1_i686.whl", hash = "sha256:817eed5a6ec2fc9c1a0ee3fbf9a441c66b6766383580513ccbdf3121acc0b4fb"},
    {file = "numpy-1.16.6-cp27-cp27mu-manylinux1_x86_64.whl", hash = "sha256:1680c8d5086a88d293dfd1a10b6429a09140cacee878034fa2308472ec835db4"},
    {file = "numpy-1.16.6-cp35-cp35m-macosx_10_9_intel.whl", hash = "sha256:a4383edb1b8caa989c3541a37ef204916322c503b8eeacc7ee8f4ba24cac97b8"},
    {file = "numpy-1.16.6-cp35-cp35m-manylinux1_i686.whl", hash = "sha256:9bb690692f3101583b0b99f3be362742e4f8ebe6c7934fa36cd8ca2b567a0bcc"},
    {file = "numpy-1.16.6-cp35-cp35m-manylinux1_x86_64.whl", hash = "sha256:b9e334568ca1bf56598eddfac6db6a75bcf1c91aa90d598648f21e45207daeae"},
    {file = "numpy-1.16.6-cp35-cp35m-win32.whl", hash = "sha256:55cae40d2024c56e7b79fb070106cb4289dcc6b55c62dba1d89a6944448c6a53"},
    {file = "numpy-1.16.6-cp35-cp35m-win_amd64.whl", hash = "sha256:a1ffc9c770ccc2be9284310a3726c918b26ca19b34c0079e7a41aba950ab175f"},
    {file = "numpy-1.16.6-cp36-cp36m-macosx_10_9_x86_64.whl", hash = "sha256:3f423b06bf67cd1dbf72e13e9b53a9ca71972e5abf712ee6cb5d8cbb178fff02"},
    {file = "numpy-1.16.6-cp36-cp36m-manylinux1_i686.whl", hash = "sha256:34e6bb44e3d9a663f903b8c297ede865b4dff039aa43cc9a0b249e02c27f1396"},
    {file = "numpy-1.16.6-cp36-cp36m-manylinux1_x86_64.whl", hash = "sha256:60c56922c9d759d664078fbef94132377ef1498ab27dd3d0cc7a21b346e68c06"},
    {file = "numpy-1.16.6-cp36-cp36m-win32.whl", hash = "sha256:23cad5e5858dfb73c0e5bce03fe78e5e5908c22263156c58d4afdbb240683c6c"},
    {file = "numpy-1.16.6-cp36-cp36m-win_amd64.whl", hash = "sha256:77399828d96cca386bfba453025c34f22569909d90332b961d3d4341cdb46a84"},
    {file = "numpy-1.16.6-cp37-cp37m-macosx_10_9_x86_64.whl", hash = "sha256:97ddfa7688295d460ee48a4d76337e9fdd2506d9d1d0eee7f0348b42b430da4c"},
    {file = "numpy-1.16.6-cp37-cp37m-manylinux1_i686.whl", hash = "sha256:390f6e14a8d73591f086680464aa101a9be9187d0c633f48c98b429b31b712c2"},
    {file = "numpy-1.16.6-cp37-cp37m-manylinux1_x86_64.whl", hash = "sha256:a1772dc227e3e415eeaa646d25690dc854bddc3d626e454c7c27acba060cb900"},
    {file = "numpy-1.16.6-cp37-cp37m-win32.whl", hash = "sha256:c9fb4fcfcdcaccfe2c4e1f9e0133ed59df5df2aa3655f3d391887e892b0a784c"},
    {file = "numpy-1.16.6-cp37-cp37m-win_amd64.whl", hash = "sha256:6b1853364775edb85ceb0f7f8214d9e993d4d1d9bd3310eae80529ea14ba2ba6"},
    {file = "numpy-1.16.6.zip", hash = "sha256:e5cf3fdf13401885e8eea8170624ec96225e2174eb0c611c6f26dd33b489e3ff"},
]
pandas = [
    {file = "pandas-0.23.0-cp27-cp27m-macosx_10_6_intel.macosx_10_9_intel.macosx_10_9_x86_64.macosx_10_10_intel.macosx_10_10_x86_64.whl", hash = "sha256:d88f484a25ac212fd720b5f9b9686e83f86df2b091b51f4b7b1d9089bd842f79"},
    {file = "pandas-0.23.0-cp27-cp27m-win32.whl", hash = "sha256:835c5a2aeaa3cb5ef2a1d771c75ee3a73d6ad1b82cfc54677c8f863c75fa51bd"},
    {file = "pandas-0.23.0-cp27-cp27m-win_amd64.whl", hash = "sha256:2d6b7b152a6ba44627c60df291f773c4438df01653abcbec7fc556d6039f1705"},
    {file = "pandas-0.23.0-cp27-cp27mu-manylinux1_i686.whl", hash = "sha256:5de7275fc7222211dcac603ea81f1e143c45f8ec41d2e21df71aad0c95c1097c"},
    {file = "pandas-0.23.0-cp27-cp27mu-manylinux1_x86_64.whl", hash = "sha256:d5f72c8239e46cfcc363c7e532a474b7ea3d8892b7b6e5ec0da6b3ebae2a07d3"},
    {file = "pandas-0.23.0-cp35-cp35m-macosx_10_6_intel.macosx_10_9_intel.macosx_10_9_x86_64.macosx_10_10_intel.macosx_10_10_x86_64.whl", hash = "sha256:8398d7a47ae667a639ac4ee6724d7ef98602b5ff2b10b5b4d5e6ab45a8d596d2"},
    {file = "pandas-0.23.0-cp35-cp35m-manylinux1_x86_64.whl", hash = "sha256:758b8f6c68bc99b2eb64e57092d3aa07bd68a774e92e7686e473e0d9c86a2309"},
    {file = "pandas-0.23.0-cp35-cp35m-win32.whl", hash = "sha256:7261b3567804a70714cc2591e2f7f1e372379db9e140f9d7ffb4b8884eaa48f7"},
    {file = "pandas-0.23.0-cp35-cp35m-win_amd64.whl", hash = "sha256:295cf212054b28f1d111f3ffff932a012601558424ec892f2450d6197f6eeb92"},
    {file = "pandas-0.23.0-cp36-cp36m-macosx_10_6_intel.macosx_10_9_intel.macosx_10_9_x86_64.macosx_10_10_intel.macosx_10_10_x86_64.whl", hash = "sha256:d4495aba61060d87c634fc777ac15aecd1d176987e5ed0585a3ed7e2f4e6c1f7"},
    {file = "pandas-0.23.0-cp36-cp36m-manylinux1_i686.whl", hash = "sha256:9e5ee41d1550ec36093c95e30644e313df4b57c1cdead545754d9c113aecbbb5"},
    {file = "pandas-0.23.0-cp36-cp36m-manylinux1_x86_64.whl", hash = "sha256:29960ea1783c59fe86b323799b130592149e0f7bb739149e7fc512b0272d9fc3"},
    {file = "pandas-0.23.0-cp36-cp36m-win32.whl", hash = "sha256:98054c04318ba46bb81433230c2e5fab6a68df916ccb5355d428907bfb16b257"},
    {file = "pandas-0.23.0-cp36-cp36m-win_amd64.whl", hash = "sha256:29dde0874d1efb8a346f8d919b0530a9ae788ad1003752376133e38df09e6fcb"},
    {file = "pandas-0.23.0.tar.gz", hash = "sha256:84ab1d50590cb2d9554211f164dc1b1a216bc94da2ba922aed2690c83f248fd9"},
]
pathlib = [
    {file = "pathlib-1.0.1.tar.gz", hash = "sha256:6940718dfc3eff4258203ad5021090933e5c04707d5ca8cc9e73c94a7894ea9f"},
]
pbr = [
    {file = "pbr-5.5.1-py2.py3-none-any.whl", hash = "sha256:b236cde0ac9a6aedd5e3c34517b423cd4fd97ef723849da6b0d2231142d89c00"},
    {file = "pbr-5.5.1.tar.gz", hash = "sha256:5fad80b613c402d5b7df7bd84812548b2a61e9977387a80a5fc5c396492b13c9"},
]
protobuf = [
    {file = "protobuf-3.13.0-cp27-cp27m-macosx_10_9_x86_64.whl", hash = "sha256:9c2e63c1743cba12737169c447374fab3dfeb18111a460a8c1a000e35836b18c"},
    {file = "protobuf-3.13.0-cp27-cp27mu-manylinux1_x86_64.whl", hash = "sha256:1e834076dfef9e585815757a2c7e4560c7ccc5962b9d09f831214c693a91b463"},
    {file = "protobuf-3.13.0-cp35-cp35m-macosx_10_9_intel.whl", hash = "sha256:df3932e1834a64b46ebc262e951cd82c3cf0fa936a154f0a42231140d8237060"},
    {file = "protobuf-3.13.0-cp35-cp35m-manylinux1_x86_64.whl", hash = "sha256:8c35bcbed1c0d29b127c886790e9d37e845ffc2725cc1db4bd06d70f4e8359f4"},
    {file = "protobuf-3.13.0-cp35-cp35m-win32.whl", hash = "sha256:339c3a003e3c797bc84499fa32e0aac83c768e67b3de4a5d7a5a9aa3b0da634c"},
    {file = "protobuf-3.13.0-cp35-cp35m-win_amd64.whl", hash = "sha256:361acd76f0ad38c6e38f14d08775514fbd241316cce08deb2ce914c7dfa1184a"},
    {file = "protobuf-3.13.0-cp36-cp36m-macosx_10_9_x86_64.whl", hash = "sha256:9edfdc679a3669988ec55a989ff62449f670dfa7018df6ad7f04e8dbacb10630"},
    {file = "protobuf-3.13.0-cp36-cp36m-manylinux1_x86_64.whl", hash = "sha256:5db9d3e12b6ede5e601b8d8684a7f9d90581882925c96acf8495957b4f1b204b"},
    {file = "protobuf-3.13.0-cp36-cp36m-win32.whl", hash = "sha256:c8abd7605185836f6f11f97b21200f8a864f9cb078a193fe3c9e235711d3ff1e"},
    {file = "protobuf-3.13.0-cp36-cp36m-win_amd64.whl", hash = "sha256:4d1174c9ed303070ad59553f435846a2f877598f59f9afc1b89757bdf846f2a7"},
    {file = "protobuf-3.13.0-cp37-cp37m-macosx_10_9_x86_64.whl", hash = "sha256:0bba42f439bf45c0f600c3c5993666fcb88e8441d011fad80a11df6f324eef33"},
    {file = "protobuf-3.13.0-cp37-cp37m-manylinux1_x86_64.whl", hash = "sha256:c0c5ab9c4b1eac0a9b838f1e46038c3175a95b0f2d944385884af72876bd6bc7"},
    {file = "protobuf-3.13.0-cp37-cp37m-win32.whl", hash = "sha256:f68eb9d03c7d84bd01c790948320b768de8559761897763731294e3bc316decb"},
    {file = "protobuf-3.13.0-cp37-cp37m-win_amd64.whl", hash = "sha256:91c2d897da84c62816e2f473ece60ebfeab024a16c1751aaf31100127ccd93ec"},
    {file = "protobuf-3.13.0-cp38-cp38-macosx_10_9_x86_64.whl", hash = "sha256:3dee442884a18c16d023e52e32dd34a8930a889e511af493f6dc7d4d9bf12e4f"},
    {file = "protobuf-3.13.0-cp38-cp38-manylinux1_x86_64.whl", hash = "sha256:e7662437ca1e0c51b93cadb988f9b353fa6b8013c0385d63a70c8a77d84da5f9"},
    {file = "protobuf-3.13.0-py2.py3-none-any.whl", hash = "sha256:d69697acac76d9f250ab745b46c725edf3e98ac24763990b24d58c16c642947a"},
    {file = "protobuf-3.13.0.tar.gz", hash = "sha256:6a82e0c8bb2bf58f606040cc5814e07715b2094caeba281e2e7d0b0e2e397db5"},
]
pyparsing = [
    {file = "pyparsing-2.4.7-py2.py3-none-any.whl", hash = "sha256:ef9d7589ef3c200abe66653d3f1ab1033c3c419ae9b9bdb1240a85b024efc88b"},
    {file = "pyparsing-2.4.7.tar.gz", hash = "sha256:c203ec8783bf771a155b207279b9bccb8dea02d8f0c9e5f8ead507bc3246ecc1"},
]
python-dateutil = [
    {file = "python-dateutil-2.8.1.tar.gz", hash = "sha256:73ebfe9dbf22e832286dafa60473e4cd239f8592f699aa5adaf10050e6e1823c"},
    {file = "python_dateutil-2.8.1-py2.py3-none-any.whl", hash = "sha256:75bb3f31ea686f1197762692a9ee6a7550b59fc6ca3a1f4b5d7e32fb98e2da2a"},
]
pytz = [
    {file = "pytz-2020.1-py2.py3-none-any.whl", hash = "sha256:a494d53b6d39c3c6e44c3bec237336e14305e4f29bbf800b599253057fbb79ed"},
    {file = "pytz-2020.1.tar.gz", hash = "sha256:c35965d010ce31b23eeb663ed3cc8c906275d6be1a34393a1d73a41febf4a048"},
]
requests = [
    {file = "requests-2.24.0-py2.py3-none-any.whl", hash = "sha256:fe75cc94a9443b9246fc7049224f75604b113c36acb93f87b80ed42c44cbb898"},
    {file = "requests-2.24.0.tar.gz", hash = "sha256:b3559a131db72c33ee969480840fff4bb6dd111de7dd27c8ee1f820f4f00231b"},
]
s3transfer = [
    {file = "s3transfer-0.3.3-py2.py3-none-any.whl", hash = "sha256:2482b4259524933a022d59da830f51bd746db62f047d6eb213f2f8855dcb8a13"},
    {file = "s3transfer-0.3.3.tar.gz", hash = "sha256:921a37e2aefc64145e7b73d50c71bb4f26f46e4c9f414dc648c6245ff92cf7db"},
]
scikit-learn = [
    {file = "scikit-learn-0.18.tar.gz", hash = "sha256:240009789d6495240b332e059cbd2499f4d2981c93873983c9e1d5189f90315f"},
    {file = "scikit-learn-0.18.win-amd64-py2.7.exe", hash = "sha256:417f04786284283caaf676927d610a13b9f68791d33ec262ee2563f89229c7b9"},
    {file = "scikit-learn-0.18.win-amd64-py3.5.exe", hash = "sha256:ec7c0025bc600e8cfc7e75279cebd651d8c86787f42057308cbce04eac001bf7"},
    {file = "scikit-learn-0.18.win32-py2.7.exe", hash = "sha256:3c98eff81f4f2cdc996cba70d7870465ace61457574cff2a4289aa17128dfcf1"},
    {file = "scikit-learn-0.18.win32-py3.5.exe", hash = "sha256:77c3bc2ac77632da0a92666ce36d93e67036ab5f783c483011960fd732d88b76"},
    {file = "scikit_learn-0.18-cp27-cp27m-macosx_10_6_intel.macosx_10_9_intel.macosx_10_9_x86_64.macosx_10_10_intel.macosx_10_10_x86_64.whl", hash = "sha256:c16ec58f3d66a8a665a3921b311270db498f3594a2ec1307eb0c1b367f58826a"},
    {file = "scikit_learn-0.18-cp27-cp27m-manylinux1_i686.whl", hash = "sha256:1c4e0308fc46a63b4cffab59f90a6c6fad7abb79254f8d1b4c5d0fa431292fe6"},
    {file = "scikit_learn-0.18-cp27-cp27m-manylinux1_x86_64.whl", hash = "sha256:a68fefbf9aaa33b2e4de243bff7ac3a3898399210e1d058d50ea641401c451e6"},
    {file = "scikit_learn-0.18-cp27-cp27m-win32.whl", hash = "sha256:dc972d89aa022de88bdfb6a2e834007146079035867eec17a7b2ba9678380242"},
    {file = "scikit_learn-0.18-cp27-cp27m-win_amd64.whl", hash = "sha256:fcdbe815665e404e63ab3add06174203d4f4b4d5f83f32d9504a462607de04c2"},
    {file = "scikit_learn-0.18-cp27-cp27mu-manylinux1_i686.whl", hash = "sha256:85591d794097a699616da979738c5aa3ec57238440ce9a7768b20463390f1c78"},
    {file = "scikit_learn-0.18-cp27-cp27mu-manylinux1_x86_64.whl", hash = "sha256:7ec046eef7f7c798048479e078591a4db99615d4fda35f9386728df27b5ac484"},
    {file = "scikit_learn-0.18-cp34-cp34m-macosx_10_6_intel.macosx_10_9_intel.macosx_10_9_x86_64.macosx_10_10_intel.macosx_10_10_x86_64.whl", hash = "sha256:ad1009d0361fc7c8349d430667f2e23c7bf93e4a880dee31637f2960536082dd"},
    {file = "scikit_learn-0.18-cp34-cp34m-manylinux1_i686.whl", hash = "sha256:ae0c7891dff7b554e739242a5f6d259161c10b64a1135621b54a0fb93bc9a600"},
    {file = "scikit_learn-0.18-cp34-cp34m-manylinux1_x86_64.whl", hash = "sha256:a78b25b573153902a0f6e9a1aeac402a54510919e0a38d55251f6e391bc1fe48"},
    {file = "scikit_learn-0.18-cp35-cp35m-macosx_10_6_intel.macosx_10_9_intel.macosx_10_9_x86_64.macosx_10_10_intel.macosx_10_10_x86_64.whl", hash = "sha256:b28cd81afbf04601d62b02ad6b99a69ea1974f0bdf379a6fd3ee0f99e9e55db8"},
    {file = "scikit_learn-0.18-cp35-cp35m-manylinux1_i686.whl", hash = "sha256:d9cf244831792163c9ce5e45e82af7aabd3f7f552b4808848053134f16c2338f"},
    {file = "scikit_learn-0.18-cp35-cp35m-manylinux1_x86_64.whl", hash = "sha256:07f71e54b764d64ca420d9e11f9ee0c2f8cb6344c758ff8c80e292f82f779b56"},
    {file = "scikit_learn-0.18-cp35-cp35m-win32.whl", hash = "sha256:63c876068ad150a9b8645d735daadcda3c51174ad11a47f6736abd114030a622"},
    {file = "scikit_learn-0.18-cp35-cp35m-win_amd64.whl", hash = "sha256:f0aab3187e1ee54bf77adaa122fe352a580eb74be808e0509f0d73dc5b3b37be"},
]
scipy = [
    {file = "scipy-0.18.1-cp27-cp27m-macosx_10_6_intel.macosx_10_9_intel.macosx_10_9_x86_64.macosx_10_10_intel.macosx_10_10_x86_64.whl", hash = "sha256:f97b4de9be61c6f458ab2b804e74bfffc15d8f77964772006971cd6bc6e25f0d"},
    {file = "scipy-0.18.1-cp27-cp27m-manylinux1_i686.whl", hash = "sha256:4167f9dc53703aa74f4d8b3699f5346560954e498dd9185d65448bce9656e124"},
    {file = "scipy-0.18.1-cp27-cp27m-manylinux1_x86_64.whl", hash = "sha256:7558c0fa12e26d984ad82bd7a619994f4b3793c639a3137444b1347bcf50b1c6"},
    {file = "scipy-0.18.1-cp27-cp27mu-manylinux1_i686.whl", hash = "sha256:96d13da742d8bf46cd2264c23d006d409655615c4120a01c5458a8f9bf814fbb"},
    {file = "scipy-0.18.1-cp27-cp27mu-manylinux1_x86_64.whl", hash = "sha256:c69009a29be719e99c0c85296aff955326c7cde280925f83a4dd5ce7f18a22fb"},
    {file = "scipy-0.18.1-cp34-cp34m-macosx_10_6_intel.macosx_10_9_intel.macosx_10_9_x86_64.macosx_10_10_intel.macosx_10_10_x86_64.whl", hash = "sha256:a23f7794304c759df0cf1319b872f2ca6d6074788292b93d477cff2adbf6a0b6"},
    {file = "scipy-0.18.1-cp34-cp34m-manylinux1_i686.whl", hash = "sha256:2380111b9e2d4d8c03a59880577e3236520ed19d1a0fca051d2b5e273047ff71"},
    {file = "scipy-0.18.1-cp34-cp34m-manylinux1_x86_64.whl", hash = "sha256:166d9b7e3e1d3609afeee124473973707343f8dec7e261d449393cf9ad019147"},
    {file = "scipy-0.18.1-cp35-cp35m-macosx_10_6_intel.macosx_10_9_intel.macosx_10_9_x86_64.macosx_10_10_intel.macosx_10_10_x86_64.whl", hash = "sha256:a2a9b3102c708930068ab48c3ec6f36b01f28004e8257fc33b77d88b55e6bb30"},
    {file = "scipy-0.18.1-cp35-cp35m-manylinux1_i686.whl", hash = "sha256:280eb739c0922f95c4f060335b96b9d00321e4eadebf0921e2688d884fdbfda4"},
    {file = "scipy-0.18.1-cp35-cp35m-manylinux1_x86_64.whl", hash = "sha256:f4a44eca35beb2bf479a61cb7d8609ee944d4b516ae462978bc96a240f3019cd"},
    {file = "scipy-0.18.1-cp36-cp36m-macosx_10_6_intel.macosx_10_9_intel.macosx_10_9_x86_64.macosx_10_10_intel.macosx_10_10_x86_64.whl", hash = "sha256:a3a9c7b0edebe4fa99d970e0115b7f7b0f2a1e1377c2f1bc2272b9320c6f7beb"},
    {file = "scipy-0.18.1-cp36-cp36m-manylinux1_i686.whl", hash = "sha256:fd7a87c195786ddf3f6b2d82afb38d89e5d55b7494bcd41d05d48ed0c419c4b5"},
    {file = "scipy-0.18.1-cp36-cp36m-manylinux1_x86_64.whl", hash = "sha256:790614fa23eb6ed86619e36be586e88ac4231770be1b5b0d3629e34ba8381ae1"},
    {file = "scipy-0.18.1.tar.gz", hash = "sha256:8ab6e9c808bf2fb3e8576cd8cf07226d9cdc18b012c06d9708429a821ac6634e"},
    {file = "scipy-0.18.1.zip", hash = "sha256:a4ff670a812ba782dc28c6e8eeeb8c89c8f1e213b364b972af595f73bd071a1f"},
]
six = [
    {file = "six-1.15.0-py2.py3-none-any.whl", hash = "sha256:8b74bedcbbbaca38ff6d7491d76f2b06b3592611af620f8426e82dddb04a5ced"},
    {file = "six-1.15.0.tar.gz", hash = "sha256:30639c035cdb23534cd4aa2dd52c3bf48f06e5f4a941509c8bafd8ce11080259"},
]
smart-open = [
    {file = "smart_open-1.8.1.tar.gz", hash = "sha256:b154d2118b7493935f9ede71b6b48fd3bfcb94f7e423877e57b48af429af6828"},
]
tensorflow = [
    {file = "tensorflow-1.4.0-cp27-cp27m-macosx_10_11_x86_64.whl", hash = "sha256:70ecb192f282d788cf4139eb855c5c44e77256a4245621fe20a07761f9171119"},
    {file = "tensorflow-1.4.0-cp27-cp27mu-manylinux1_x86_64.whl", hash = "sha256:ea9b30dbc6d56f65acf615598d9c417495cbcbdb8051aa6600c40bb6bc1ce664"},
    {file = "tensorflow-1.4.0-cp33-cp33m-macosx_10_11_x86_64.whl", hash = "sha256:23697ebd6d78c58c6311310b27643f470a81c1bb425f101be95b826fcd46cdfc"},
    {file = "tensorflow-1.4.0-cp33-cp33m-manylinux1_x86_64.whl", hash = "sha256:a55d0e9d403d07a049ce47f8d82bba0932b7c4666069d7b857f97c58cb4d3bea"},
    {file = "tensorflow-1.4.0-cp34-cp34m-macosx_10_11_x86_64.whl", hash = "sha256:21e5c92e8620600fdcbf8d72b19390acacb3a702d791b03865985eacca65ea1f"},
    {file = "tensorflow-1.4.0-cp34-cp34m-manylinux1_x86_64.whl", hash = "sha256:2c5a251a9653200a90dcc7a2b8f4d4e05230c8bf927b8956f9c55e6665edde9c"},
    {file = "tensorflow-1.4.0-cp35-cp35m-macosx_10_11_x86_64.whl", hash = "sha256:298cdfc78b52cb4089a8cfc772802a6b83fa241df3e1812e27435bd4c72e9894"},
    {file = "tensorflow-1.4.0-cp35-cp35m-manylinux1_x86_64.whl", hash = "sha256:6cb941949f0dccb28d23eb19b2c1f1d9401c826c2788f46639bf2773c109468a"},
    {file = "tensorflow-1.4.0-cp35-cp35m-win_amd64.whl", hash = "sha256:15e2f6ea16990811f0a109615898a19359b4af1564f3cf96103be7ab395b370e"},
    {file = "tensorflow-1.4.0-cp36-cp36m-macosx_10_11_x86_64.whl", hash = "sha256:ff08e3f2bf81d229d5d2c2ab9b812ebf8ac30cff2738988cee410606590da097"},
    {file = "tensorflow-1.4.0-cp36-cp36m-manylinux1_x86_64.whl", hash = "sha256:972724621a25d136799959cd03ef77b0cca6e1799cd3448f05514bc519b735ad"},
    {file = "tensorflow-1.4.0-cp36-cp36m-win_amd64.whl", hash = "sha256:1b1aa05701e75a2130e3f34ca51e5ac9ad105f40dd3f97970da7877601e3299f"},
]
tensorflow-tensorboard = [
    {file = "tensorflow_tensorboard-0.4.0-py2-none-any.whl", hash = "sha256:4ff1c16faa8189c921b57ccb5f05ea1e19c276d59de7dcae3d846a6267a132d0"},
    {file = "tensorflow_tensorboard-0.4.0-py3-none-any.whl", hash = "sha256:6684571c711e07b3aae25dd91cb4b106738d71acfce385b9d359ab14374ac518"},
]
urllib3 = [
    {file = "urllib3-1.25.11-py2.py3-none-any.whl", hash = "sha256:f5321fbe4bf3fefa0efd0bfe7fb14e90909eb62a48ccda331726b4319897dd5e"},
    {file = "urllib3-1.25.11.tar.gz", hash = "sha256:8d7eaa5a82a1cac232164990f04874c594c9453ec55eef02eab885aa02fc17a2"},
]
werkzeug = [
    {file = "Werkzeug-0.14-py2.py3-none-any.whl", hash = "sha256:322b15deb0e503c3e96c267b676d47ca069edccbf6338549bea7916583822a55"},
    {file = "Werkzeug-0.14.tar.gz", hash = "sha256:4aea27a9513b056346e9c8b49107f4ee7927f7bcf0be63024ecee39d5b87e9ef"},
]
wheel = [
    {file = "wheel-0.35.1-py2.py3-none-any.whl", hash = "sha256:497add53525d16c173c2c1c733b8f655510e909ea78cc0e29d374243544b77a2"},
    {file = "wheel-0.35.1.tar.gz", hash = "sha256:99a22d87add3f634ff917310a3d87e499f19e663413a52eb9232c447aa646c9f"},
]
wtforms = [
    {file = "WTForms-2.3.3-py2.py3-none-any.whl", hash = "sha256:7b504fc724d0d1d4d5d5c114e778ec88c37ea53144683e084215eed5155ada4c"},
    {file = "WTForms-2.3.3.tar.gz", hash = "sha256:81195de0ac94fbc8368abbaf9197b88c4f3ffd6c2719b5bf5fc9da744f3d829c"},
]
